
Microsoft Visual Studio Solution File, Format Version 12.00
# Visual Studio Version 17
VisualStudioVersion = 17.4.33213.308
MinimumVisualStudioVersion = 10.0.40219.1
Project("{FAE04EC0-301F-11D3-BF4B-00C04F79EFBC}") = "A.02", "A.02\A.02.csproj", "{D62F4A1D-B1F4-4A95-B707-A9531E7AD9A5}"
EndProject
Global
	GlobalSection(SolutionConfigurationPlatforms) = preSolution
		Debug|Any CPU = Debug|Any CPU
		Release|Any CPU = Release|Any CPU
	EndGlobalSection
	GlobalSection(ProjectConfigurationPlatforms) = postSolution
		{D62F4A1D-B1F4-4A95-B707-A9531E7AD9A5}.Debug|Any CPU.ActiveCfg = Debug|Any CPU
		{D62F4A1D-B1F4-4A95-B707-A9531E7AD9A5}.Debug|Any CPU.Build.0 = Debug|Any CPU
		{D62F4A1D-B1F4-4A95-B707-A9531E7AD9A5}.Release|Any CPU.ActiveCfg = Release|Any CPU
		{D62F4A1D-B1F4-4A95-B707-A9531E7AD9A5}.Release|Any CPU.Build.0 = Release|Any CPU
	EndGlobalSection
	GlobalSection(SolutionProperties) = preSolution
		HideSolutionNode = FALSE
	EndGlobalSection
	GlobalSection(ExtensibilityGlobals) = postSolution
		SolutionGuid = {FB613244-59F8-452B-B300-804646A15B9B}
	EndGlobalSection
EndGlobal
